// !$*UTF8*$!
{
	archiveVersion = 1;
	classes = {
	};
	objectVersion = 50;
	objects = {

/* Begin PBXBuildFile section */
		013DFE982659C2AF000C2E39 /* ColorPickerViewController.swift in Sources */ = {isa = PBXBuildFile; fileRef = 013DFE972659C2AF000C2E39 /* ColorPickerViewController.swift */; };
		013DFE9A2659E72F000C2E39 /* ColorOptionsTableViewController.swift in Sources */ = {isa = PBXBuildFile; fileRef = 013DFE992659E72F000C2E39 /* ColorOptionsTableViewController.swift */; };
		014FBD7626581FDE006427CC /* PaletteHeaderTextField.swift in Sources */ = {isa = PBXBuildFile; fileRef = 014FBD7526581FDE006427CC /* PaletteHeaderTextField.swift */; };
		017A68CB26572E7B001D5097 /* AppDelegate.swift in Sources */ = {isa = PBXBuildFile; fileRef = 017A68CA26572E7B001D5097 /* AppDelegate.swift */; };
		017A68CD26572E7B001D5097 /* SceneDelegate.swift in Sources */ = {isa = PBXBuildFile; fileRef = 017A68CC26572E7B001D5097 /* SceneDelegate.swift */; };
		017A68D226572E7B001D5097 /* Main.storyboard in Resources */ = {isa = PBXBuildFile; fileRef = 017A68D026572E7B001D5097 /* Main.storyboard */; };
		017A68D426572E7C001D5097 /* Assets.xcassets in Resources */ = {isa = PBXBuildFile; fileRef = 017A68D326572E7C001D5097 /* Assets.xcassets */; };
		017A68D726572E7C001D5097 /* LaunchScreen.storyboard in Resources */ = {isa = PBXBuildFile; fileRef = 017A68D526572E7C001D5097 /* LaunchScreen.storyboard */; };
		01BAC1DF265AD463008D1776 /* ColorHeaderView.swift in Sources */ = {isa = PBXBuildFile; fileRef = 01BAC1DE265AD463008D1776 /* ColorHeaderView.swift */; };
		01C74656265988FB00CA46BB /* PaletteCreatorViewController.swift in Sources */ = {isa = PBXBuildFile; fileRef = 01C74655265988FB00CA46BB /* PaletteCreatorViewController.swift */; };
		01E73FF5265807570068CA21 /* Color.swift in Sources */ = {isa = PBXBuildFile; fileRef = 01E73FF4265807570068CA21 /* Color.swift */; };
/* End PBXBuildFile section */

/* Begin PBXFileReference section */
		013DFE972659C2AF000C2E39 /* ColorPickerViewController.swift */ = {isa = PBXFileReference; lastKnownFileType = sourcecode.swift; path = ColorPickerViewController.swift; sourceTree = "<group>"; };
		013DFE992659E72F000C2E39 /* ColorOptionsTableViewController.swift */ = {isa = PBXFileReference; lastKnownFileType = sourcecode.swift; path = ColorOptionsTableViewController.swift; sourceTree = "<group>"; };
		014FBD7526581FDE006427CC /* PaletteHeaderTextField.swift */ = {isa = PBXFileReference; lastKnownFileType = sourcecode.swift; name = PaletteHeaderTextField.swift; path = TintThat/View/PaletteHeaderTextField.swift; sourceTree = SOURCE_ROOT; };
		017A68C726572E7B001D5097 /* TintThat.app */ = {isa = PBXFileReference; explicitFileType = wrapper.application; includeInIndex = 0; path = TintThat.app; sourceTree = BUILT_PRODUCTS_DIR; };
		017A68CA26572E7B001D5097 /* AppDelegate.swift */ = {isa = PBXFileReference; lastKnownFileType = sourcecode.swift; path = AppDelegate.swift; sourceTree = "<group>"; };
		017A68CC26572E7B001D5097 /* SceneDelegate.swift */ = {isa = PBXFileReference; lastKnownFileType = sourcecode.swift; path = SceneDelegate.swift; sourceTree = "<group>"; };
		017A68D126572E7B001D5097 /* Base */ = {isa = PBXFileReference; lastKnownFileType = file.storyboard; name = Base; path = Base.lproj/Main.storyboard; sourceTree = "<group>"; };
		017A68D326572E7C001D5097 /* Assets.xcassets */ = {isa = PBXFileReference; lastKnownFileType = folder.assetcatalog; path = Assets.xcassets; sourceTree = "<group>"; };
		017A68D626572E7C001D5097 /* Base */ = {isa = PBXFileReference; lastKnownFileType = file.storyboard; name = Base; path = Base.lproj/LaunchScreen.storyboard; sourceTree = "<group>"; };
		017A68D826572E7C001D5097 /* Info.plist */ = {isa = PBXFileReference; lastKnownFileType = text.plist.xml; path = Info.plist; sourceTree = "<group>"; };
		01BAC1DE265AD463008D1776 /* ColorHeaderView.swift */ = {isa = PBXFileReference; lastKnownFileType = sourcecode.swift; path = ColorHeaderView.swift; sourceTree = "<group>"; };
		01C74655265988FB00CA46BB /* PaletteCreatorViewController.swift */ = {isa = PBXFileReference; lastKnownFileType = sourcecode.swift; path = PaletteCreatorViewController.swift; sourceTree = "<group>"; };
		01E73FF4265807570068CA21 /* Color.swift */ = {isa = PBXFileReference; lastKnownFileType = sourcecode.swift; path = Color.swift; sourceTree = "<group>"; };
/* End PBXFileReference section */

/* Begin PBXFrameworksBuildPhase section */
		017A68C426572E7B001D5097 /* Frameworks */ = {
			isa = PBXFrameworksBuildPhase;
			buildActionMask = 2147483647;
			files = (
			);
			runOnlyForDeploymentPostprocessing = 0;
		};
/* End PBXFrameworksBuildPhase section */

/* Begin PBXGroup section */
		014FBD7226581E46006427CC /* View */ = {
			isa = PBXGroup;
			children = (
				014FBD7526581FDE006427CC /* PaletteHeaderTextField.swift */,
				01BAC1DE265AD463008D1776 /* ColorHeaderView.swift */,
			);
			path = View;
			sourceTree = "<group>";
		};
		017A68BE26572E7B001D5097 = {
			isa = PBXGroup;
			children = (
				017A68C926572E7B001D5097 /* TintThat */,
				017A68C826572E7B001D5097 /* Products */,
			);
			sourceTree = "<group>";
		};
		017A68C826572E7B001D5097 /* Products */ = {
			isa = PBXGroup;
			children = (
				017A68C726572E7B001D5097 /* TintThat.app */,
			);
			name = Products;
			sourceTree = "<group>";
		};
		017A68C926572E7B001D5097 /* TintThat */ = {
			isa = PBXGroup;
			children = (
				014FBD7226581E46006427CC /* View */,
				01E73FF1265806360068CA21 /* Model */,
				01E73FF02658062C0068CA21 /* ViewModel */,
				017A68CA26572E7B001D5097 /* AppDelegate.swift */,
				017A68CC26572E7B001D5097 /* SceneDelegate.swift */,
				017A68D026572E7B001D5097 /* Main.storyboard */,
				017A68D326572E7C001D5097 /* Assets.xcassets */,
				017A68D526572E7C001D5097 /* LaunchScreen.storyboard */,
				017A68D826572E7C001D5097 /* Info.plist */,
			);
			path = TintThat;
			sourceTree = "<group>";
		};
		01E73FF02658062C0068CA21 /* ViewModel */ = {
			isa = PBXGroup;
			children = (
				013DFE992659E72F000C2E39 /* ColorOptionsTableViewController.swift */,
				013DFE972659C2AF000C2E39 /* ColorPickerViewController.swift */,
				01C74655265988FB00CA46BB /* PaletteCreatorViewController.swift */,
			);
			path = ViewModel;
			sourceTree = "<group>";
		};
		01E73FF1265806360068CA21 /* Model */ = {
			isa = PBXGroup;
			children = (
				01E73FF4265807570068CA21 /* Color.swift */,
			);
			path = Model;
			sourceTree = "<group>";
		};
/* End PBXGroup section */

/* Begin PBXNativeTarget section */
		017A68C626572E7B001D5097 /* TintThat */ = {
			isa = PBXNativeTarget;
			buildConfigurationList = 017A68DB26572E7C001D5097 /* Build configuration list for PBXNativeTarget "TintThat" */;
			buildPhases = (
				017A68C326572E7B001D5097 /* Sources */,
				017A68C426572E7B001D5097 /* Frameworks */,
				017A68C526572E7B001D5097 /* Resources */,
			);
			buildRules = (
			);
			dependencies = (
			);
			name = TintThat;
			productName = TintThat;
			productReference = 017A68C726572E7B001D5097 /* TintThat.app */;
			productType = "com.apple.product-type.application";
		};
/* End PBXNativeTarget section */

/* Begin PBXProject section */
		017A68BF26572E7B001D5097 /* Project object */ = {
			isa = PBXProject;
			attributes = {
				LastSwiftUpdateCheck = 1250;
				LastUpgradeCheck = 1250;
				TargetAttributes = {
					017A68C626572E7B001D5097 = {
						CreatedOnToolsVersion = 12.5;
					};
				};
			};
			buildConfigurationList = 017A68C226572E7B001D5097 /* Build configuration list for PBXProject "TintThat" */;
			compatibilityVersion = "Xcode 9.3";
			developmentRegion = en;
			hasScannedForEncodings = 0;
			knownRegions = (
				en,
				Base,
			);
			mainGroup = 017A68BE26572E7B001D5097;
			productRefGroup = 017A68C826572E7B001D5097 /* Products */;
			projectDirPath = "";
			projectRoot = "";
			targets = (
				017A68C626572E7B001D5097 /* TintThat */,
			);
		};
/* End PBXProject section */

/* Begin PBXResourcesBuildPhase section */
		017A68C526572E7B001D5097 /* Resources */ = {
			isa = PBXResourcesBuildPhase;
			buildActionMask = 2147483647;
			files = (
				017A68D726572E7C001D5097 /* LaunchScreen.storyboard in Resources */,
				017A68D426572E7C001D5097 /* Assets.xcassets in Resources */,
				017A68D226572E7B001D5097 /* Main.storyboard in Resources */,
			);
			runOnlyForDeploymentPostprocessing = 0;
		};
/* End PBXResourcesBuildPhase section */

/* Begin PBXSourcesBuildPhase section */
		017A68C326572E7B001D5097 /* Sources */ = {
			isa = PBXSourcesBuildPhase;
			buildActionMask = 2147483647;
			files = (
				017A68CB26572E7B001D5097 /* AppDelegate.swift in Sources */,
				01E73FF5265807570068CA21 /* Color.swift in Sources */,
				013DFE982659C2AF000C2E39 /* ColorPickerViewController.swift in Sources */,
				01BAC1DF265AD463008D1776 /* ColorHeaderView.swift in Sources */,
				013DFE9A2659E72F000C2E39 /* ColorOptionsTableViewController.swift in Sources */,
				017A68CD26572E7B001D5097 /* SceneDelegate.swift in Sources */,
				01C74656265988FB00CA46BB /* PaletteCreatorViewController.swift in Sources */,
				014FBD7626581FDE006427CC /* PaletteHeaderTextField.swift in Sources */,
			);
			runOnlyForDeploymentPostprocessing = 0;
		};
/* End PBXSourcesBuildPhase section */

/* Begin PBXVariantGroup section */
		017A68D026572E7B001D5097 /* Main.storyboard */ = {
			isa = PBXVariantGroup;
			children = (
				017A68D126572E7B001D5097 /* Base */,
			);
			name = Main.storyboard;
			sourceTree = "<group>";
		};
		017A68D526572E7C001D5097 /* LaunchScreen.storyboard */ = {
			isa = PBXVariantGroup;
			children = (
				017A68D626572E7C001D5097 /* Base */,
			);
			name = LaunchScreen.storyboard;
			sourceTree = "<group>";
		};
/* End PBXVariantGroup section */

/* Begin XCBuildConfiguration section */
		017A68D926572E7C001D5097 /* Debug */ = {
			isa = XCBuildConfiguration;
			buildSettings = {
				ALWAYS_SEARCH_USER_PATHS = NO;
				CLANG_ANALYZER_NONNULL = YES;
				CLANG_ANALYZER_NUMBER_OBJECT_CONVERSION = YES_AGGRESSIVE;
				CLANG_CXX_LANGUAGE_STANDARD = "gnu++14";
				CLANG_CXX_LIBRARY = "libc++";
				CLANG_ENABLE_MODULES = YES;
				CLANG_ENABLE_OBJC_ARC = YES;
				CLANG_ENABLE_OBJC_WEAK = YES;
				CLANG_WARN_BLOCK_CAPTURE_AUTORELEASING = YES;
				CLANG_WARN_BOOL_CONVERSION = YES;
				CLANG_WARN_COMMA = YES;
				CLANG_WARN_CONSTANT_CONVERSION = YES;
				CLANG_WARN_DEPRECATED_OBJC_IMPLEMENTATIONS = YES;
				CLANG_WARN_DIRECT_OBJC_ISA_USAGE = YES_ERROR;
				CLANG_WARN_DOCUMENTATION_COMMENTS = YES;
				CLANG_WARN_EMPTY_BODY = YES;
				CLANG_WARN_ENUM_CONVERSION = YES;
				CLANG_WARN_INFINITE_RECURSION = YES;
				CLANG_WARN_INT_CONVERSION = YES;
				CLANG_WARN_NON_LITERAL_NULL_CONVERSION = YES;
				CLANG_WARN_OBJC_IMPLICIT_RETAIN_SELF = YES;
				CLANG_WARN_OBJC_LITERAL_CONVERSION = YES;
				CLANG_WARN_OBJC_ROOT_CLASS = YES_ERROR;
				CLANG_WARN_QUOTED_INCLUDE_IN_FRAMEWORK_HEADER = YES;
				CLANG_WARN_RANGE_LOOP_ANALYSIS = YES;
				CLANG_WARN_STRICT_PROTOTYPES = YES;
				CLANG_WARN_SUSPICIOUS_MOVE = YES;
				CLANG_WARN_UNGUARDED_AVAILABILITY = YES_AGGRESSIVE;
				CLANG_WARN_UNREACHABLE_CODE = YES;
				CLANG_WARN__DUPLICATE_METHOD_MATCH = YES;
				COPY_PHASE_STRIP = NO;
				DEBUG_INFORMATION_FORMAT = dwarf;
				ENABLE_STRICT_OBJC_MSGSEND = YES;
				ENABLE_TESTABILITY = YES;
				GCC_C_LANGUAGE_STANDARD = gnu11;
				GCC_DYNAMIC_NO_PIC = NO;
				GCC_NO_COMMON_BLOCKS = YES;
				GCC_OPTIMIZATION_LEVEL = 0;
				GCC_PREPROCESSOR_DEFINITIONS = (
					"DEBUG=1",
					"$(inherited)",
				);
				GCC_WARN_64_TO_32_BIT_CONVERSION = YES;
				GCC_WARN_ABOUT_RETURN_TYPE = YES_ERROR;
				GCC_WARN_UNDECLARED_SELECTOR = YES;
				GCC_WARN_UNINITIALIZED_AUTOS = YES_AGGRESSIVE;
				GCC_WARN_UNUSED_FUNCTION = YES;
				GCC_WARN_UNUSED_VARIABLE = YES;
				IPHONEOS_DEPLOYMENT_TARGET = 14.5;
				MTL_ENABLE_DEBUG_INFO = INCLUDE_SOURCE;
				MTL_FAST_MATH = YES;
				ONLY_ACTIVE_ARCH = YES;
				SDKROOT = iphoneos;
				SWIFT_ACTIVE_COMPILATION_CONDITIONS = DEBUG;
				SWIFT_OPTIMIZATION_LEVEL = "-Onone";
			};
			name = Debug;
		};
		017A68DA26572E7C001D5097 /* Release */ = {
			isa = XCBuildConfiguration;
			buildSettings = {
				ALWAYS_SEARCH_USER_PATHS = NO;
				CLANG_ANALYZER_NONNULL = YES;
				CLANG_ANALYZER_NUMBER_OBJECT_CONVERSION = YES_AGGRESSIVE;
				CLANG_CXX_LANGUAGE_STANDARD = "gnu++14";
				CLANG_CXX_LIBRARY = "libc++";
				CLANG_ENABLE_MODULES = YES;
				CLANG_ENABLE_OBJC_ARC = YES;
				CLANG_ENABLE_OBJC_WEAK = YES;
				CLANG_WARN_BLOCK_CAPTURE_AUTORELEASING = YES;
				CLANG_WARN_BOOL_CONVERSION = YES;
				CLANG_WARN_COMMA = YES;
				CLANG_WARN_CONSTANT_CONVERSION = YES;
				CLANG_WARN_DEPRECATED_OBJC_IMPLEMENTATIONS = YES;
				CLANG_WARN_DIRECT_OBJC_ISA_USAGE = YES_ERROR;
				CLANG_WARN_DOCUMENTATION_COMMENTS = YES;
				CLANG_WARN_EMPTY_BODY = YES;
				CLANG_WARN_ENUM_CONVERSION = YES;
				CLANG_WARN_INFINITE_RECURSION = YES;
				CLANG_WARN_INT_CONVERSION = YES;
				CLANG_WARN_NON_LITERAL_NULL_CONVERSION = YES;
				CLANG_WARN_OBJC_IMPLICIT_RETAIN_SELF = YES;
				CLANG_WARN_OBJC_LITERAL_CONVERSION = YES;
				CLANG_WARN_OBJC_ROOT_CLASS = YES_ERROR;
				CLANG_WARN_QUOTED_INCLUDE_IN_FRAMEWORK_HEADER = YES;
				CLANG_WARN_RANGE_LOOP_ANALYSIS = YES;
				CLANG_WARN_STRICT_PROTOTYPES = YES;
				CLANG_WARN_SUSPICIOUS_MOVE = YES;
				CLANG_WARN_UNGUARDED_AVAILABILITY = YES_AGGRESSIVE;
				CLANG_WARN_UNREACHABLE_CODE = YES;
				CLANG_WARN__DUPLICATE_METHOD_MATCH = YES;
				COPY_PHASE_STRIP = NO;
				DEBUG_INFORMATION_FORMAT = "dwarf-with-dsym";
				ENABLE_NS_ASSERTIONS = NO;
				ENABLE_STRICT_OBJC_MSGSEND = YES;
				GCC_C_LANGUAGE_STANDARD = gnu11;
				GCC_NO_COMMON_BLOCKS = YES;
				GCC_WARN_64_TO_32_BIT_CONVERSION = YES;
				GCC_WARN_ABOUT_RETURN_TYPE = YES_ERROR;
				GCC_WARN_UNDECLARED_SELECTOR = YES;
				GCC_WARN_UNINITIALIZED_AUTOS = YES_AGGRESSIVE;
				GCC_WARN_UNUSED_FUNCTION = YES;
				GCC_WARN_UNUSED_VARIABLE = YES;
				IPHONEOS_DEPLOYMENT_TARGET = 14.5;
				MTL_ENABLE_DEBUG_INFO = NO;
				MTL_FAST_MATH = YES;
				SDKROOT = iphoneos;
				SWIFT_COMPILATION_MODE = wholemodule;
				SWIFT_OPTIMIZATION_LEVEL = "-O";
				VALIDATE_PRODUCT = YES;
			};
			name = Release;
		};
		017A68DC26572E7C001D5097 /* Debug */ = {
			isa = XCBuildConfiguration;
			buildSettings = {
				ASSETCATALOG_COMPILER_APPICON_NAME = AppIcon;
				ASSETCATALOG_COMPILER_GLOBAL_ACCENT_COLOR_NAME = AccentColor;
				CODE_SIGN_STYLE = Automatic;
				DEVELOPMENT_TEAM = W245XP39LC;
				INFOPLIST_FILE = TintThat/Info.plist;
				IPHONEOS_DEPLOYMENT_TARGET = 12.3;
				LD_RUNPATH_SEARCH_PATHS = (
					"$(inherited)",
					"@executable_path/Frameworks",
				);
				PRODUCT_BUNDLE_IDENTIFIER = com.Sebery.TintThat;
				PRODUCT_NAME = "$(TARGET_NAME)";
				SWIFT_VERSION = 5.0;
				TARGETED_DEVICE_FAMILY = 1;
			};
			name = Debug;
		};
		017A68DD26572E7C001D5097 /* Release */ = {
			isa = XCBuildConfiguration;
			buildSettings = {
				ASSETCATALOG_COMPILER_APPICON_NAME = AppIcon;
				ASSETCATALOG_COMPILER_GLOBAL_ACCENT_COLOR_NAME = AccentColor;
				CODE_SIGN_STYLE = Automatic;
				DEVELOPMENT_TEAM = W245XP39LC;
				INFOPLIST_FILE = TintThat/Info.plist;
				IPHONEOS_DEPLOYMENT_TARGET = 12.3;
				LD_RUNPATH_SEARCH_PATHS = (
					"$(inherited)",
					"@executable_path/Frameworks",
				);
				PRODUCT_BUNDLE_IDENTIFIER = com.Sebery.TintThat;
				PRODUCT_NAME = "$(TARGET_NAME)";
				SWIFT_VERSION = 5.0;
				TARGETED_DEVICE_FAMILY = 1;
			};
			name = Release;
		};
/* End XCBuildConfiguration section */

/* Begin XCConfigurationList section */
		017A68C226572E7B001D5097 /* Build configuration list for PBXProject "TintThat" */ = {
			isa = XCConfigurationList;
			buildConfigurations = (
				017A68D926572E7C001D5097 /* Debug */,
				017A68DA26572E7C001D5097 /* Release */,
			);
			defaultConfigurationIsVisible = 0;
			defaultConfigurationName = Release;
		};
		017A68DB26572E7C001D5097 /* Build configuration list for PBXNativeTarget "TintThat" */ = {
			isa = XCConfigurationList;
			buildConfigurations = (
				017A68DC26572E7C001D5097 /* Debug */,
				017A68DD26572E7C001D5097 /* Release */,
			);
			defaultConfigurationIsVisible = 0;
			defaultConfigurationName = Release;
		};
/* End XCConfigurationList section */
	};
	rootObject = 017A68BF26572E7B001D5097 /* Project object */;
}
